<?xml version="1.0" encoding="UTF-8" standalone="yes" ?>
<CodeBlocks_project_file>
	<FileVersion major="1" minor="6" />
	<Project>
		<Option title="FirstSDL2" />
		<Option pch_mode="2" />
		<Option compiler="gcc" />
		<Option virtualFolders="EmeraldMine/;zlib/" />
		<Build>
			<Target title="Debug">
				<Option output="bin/Debug/FirstSDL2" prefix_auto="1" extension_auto="1" />
				<Option working_dir="bin/Release" />
				<Option object_output="obj/Debug/" />
				<Option type="1" />
				<Option compiler="gcc" />
				<Compiler>
					<Add option="-g" />
				</Compiler>
			</Target>
			<Target title="Release">
				<Option output="bin/Release/FirstSDL2" prefix_auto="1" extension_auto="1" />
				<Option working_dir="bin/Release" />
				<Option object_output="obj/Release/" />
				<Option type="1" />
				<Option compiler="gcc" />
				<Compiler>
					<Add option="-O2" />
				</Compiler>
				<Linker>
					<Add option="-s" />
				</Linker>
			</Target>
		</Build>
		<Compiler>
			<Add option="-Wall" />
			<Add directory="../SDL2-2.26.1/x86_64-w64-mingw32/include/SDL2" />
			<Add directory="../SDL2-2.26.1/x86_64-w64-mingw32/include" />
		</Compiler>
		<Linker>
			<Add option="Gfx/*.o" />
			<Add option="Sfx/*.o" />
			<Add library="SDL2main" />
			<Add library="SDL2" />
			<Add directory="../SDL2-2.26.1/x86_64-w64-mingw32/lib" />
		</Linker>
		<Unit filename="EmeraldMine.c">
			<Option compilerVar="CC" />
			<Option virtualFolder="EmeraldMine/" />
		</Unit>
		<Unit filename="EmeraldMine.h">
			<Option virtualFolder="EmeraldMine/" />
		</Unit>
		<Unit filename="KeyboardMouse.c">
			<Option compilerVar="CC" />
		</Unit>
		<Unit filename="KeyboardMouse.h" />
		<Unit filename="alien.c">
			<Option compilerVar="CC" />
			<Option virtualFolder="EmeraldMine/" />
		</Unit>
		<Unit filename="alien.h">
			<Option virtualFolder="EmeraldMine/" />
		</Unit>
		<Unit filename="asteroids.c">
			<Option compilerVar="CC" />
		</Unit>
		<Unit filename="asteroids.h">
			<Option virtualFolder="EmeraldMine/" />
		</Unit>
		<Unit filename="beetle.c">
			<Option compilerVar="CC" />
			<Option virtualFolder="EmeraldMine/" />
		</Unit>
		<Unit filename="beetle.h">
			<Option virtualFolder="EmeraldMine/" />
		</Unit>
		<Unit filename="bomb.c">
			<Option compilerVar="CC" />
			<Option virtualFolder="EmeraldMine/" />
		</Unit>
		<Unit filename="bomb.h">
			<Option virtualFolder="EmeraldMine/" />
		</Unit>
		<Unit filename="buttons.c">
			<Option compilerVar="CC" />
		</Unit>
		<Unit filename="buttons.h" />
		<Unit filename="copper.c">
			<Option compilerVar="CC" />
		</Unit>
		<Unit filename="copper.h" />
		<Unit filename="crystal.c">
			<Option compilerVar="CC" />
			<Option virtualFolder="EmeraldMine/" />
		</Unit>
		<Unit filename="crystal.h">
			<Option virtualFolder="EmeraldMine/" />
		</Unit>
		<Unit filename="editor.c">
			<Option compilerVar="CC" />
			<Option virtualFolder="EmeraldMine/" />
		</Unit>
		<Unit filename="editor.h">
			<Option virtualFolder="EmeraldMine/" />
		</Unit>
		<Unit filename="emerald.c">
			<Option compilerVar="CC" />
			<Option virtualFolder="EmeraldMine/" />
		</Unit>
		<Unit filename="emerald.h">
			<Option virtualFolder="EmeraldMine/" />
		</Unit>
		<Unit filename="explosion.c">
			<Option compilerVar="CC" />
			<Option virtualFolder="EmeraldMine/" />
		</Unit>
		<Unit filename="explosion.h">
			<Option virtualFolder="EmeraldMine/" />
		</Unit>
		<Unit filename="externalpointer.h" />
		<Unit filename="ezxml.c">
			<Option compilerVar="CC" />
		</Unit>
		<Unit filename="ezxml.h" />
		<Unit filename="greendrop.c">
			<Option compilerVar="CC" />
			<Option virtualFolder="EmeraldMine/" />
		</Unit>
		<Unit filename="greendrop.h">
			<Option virtualFolder="EmeraldMine/" />
		</Unit>
		<Unit filename="lightbarrier.c">
			<Option compilerVar="CC" />
			<Option virtualFolder="EmeraldMine/" />
		</Unit>
		<Unit filename="lightbarrier.h">
			<Option virtualFolder="EmeraldMine/" />
		</Unit>
		<Unit filename="loadlevel.c">
			<Option compilerVar="CC" />
			<Option virtualFolder="EmeraldMine/" />
		</Unit>
		<Unit filename="loadlevel.h">
			<Option virtualFolder="EmeraldMine/" />
		</Unit>
		<Unit filename="magicwall.c">
			<Option compilerVar="CC" />
			<Option virtualFolder="EmeraldMine/" />
		</Unit>
		<Unit filename="magicwall.h">
			<Option virtualFolder="EmeraldMine/" />
		</Unit>
		<Unit filename="main.c">
			<Option compilerVar="CC" />
		</Unit>
		<Unit filename="man.c">
			<Option compilerVar="CC" />
			<Option virtualFolder="EmeraldMine/" />
		</Unit>
		<Unit filename="man.h">
			<Option virtualFolder="EmeraldMine/" />
		</Unit>
		<Unit filename="md5.c">
			<Option compilerVar="CC" />
		</Unit>
		<Unit filename="md5.h" />
		<Unit filename="megabomb.c">
			<Option compilerVar="CC" />
			<Option virtualFolder="EmeraldMine/" />
		</Unit>
		<Unit filename="megabomb.h">
			<Option virtualFolder="EmeraldMine/" />
		</Unit>
		<Unit filename="mine.c">
			<Option compilerVar="CC" />
			<Option virtualFolder="EmeraldMine/" />
		</Unit>
		<Unit filename="mine.h">
			<Option virtualFolder="EmeraldMine/" />
		</Unit>
		<Unit filename="modplay.c">
			<Option compilerVar="CC" />
		</Unit>
		<Unit filename="modplay.h" />
		<Unit filename="mole.c">
			<Option compilerVar="CC" />
			<Option virtualFolder="EmeraldMine/" />
		</Unit>
		<Unit filename="mole.h">
			<Option virtualFolder="EmeraldMine/" />
		</Unit>
		<Unit filename="mySDL.c">
			<Option compilerVar="CC" />
		</Unit>
		<Unit filename="mySDL.h" />
		<Unit filename="mystd.c">
			<Option compilerVar="CC" />
		</Unit>
		<Unit filename="mystd.h" />
		<Unit filename="nut.c">
			<Option compilerVar="CC" />
			<Option virtualFolder="EmeraldMine/" />
		</Unit>
		<Unit filename="nut.h">
			<Option virtualFolder="EmeraldMine/" />
		</Unit>
		<Unit filename="panel.c">
			<Option compilerVar="CC" />
			<Option virtualFolder="EmeraldMine/" />
		</Unit>
		<Unit filename="panel.h">
			<Option virtualFolder="EmeraldMine/" />
		</Unit>
		<Unit filename="perl.c">
			<Option compilerVar="CC" />
			<Option virtualFolder="EmeraldMine/" />
		</Unit>
		<Unit filename="perl.h">
			<Option virtualFolder="EmeraldMine/" />
		</Unit>
		<Unit filename="replicator.c">
			<Option compilerVar="CC" />
			<Option virtualFolder="EmeraldMine/" />
		</Unit>
		<Unit filename="replicator.h">
			<Option virtualFolder="EmeraldMine/" />
		</Unit>
		<Unit filename="ruby.c">
			<Option compilerVar="CC" />
			<Option virtualFolder="EmeraldMine/" />
		</Unit>
		<Unit filename="ruby.h">
			<Option virtualFolder="EmeraldMine/" />
		</Unit>
		<Unit filename="sand.c">
			<Option compilerVar="CC" />
			<Option virtualFolder="EmeraldMine/" />
		</Unit>
		<Unit filename="sand.h">
			<Option virtualFolder="EmeraldMine/" />
		</Unit>
		<Unit filename="saphir.c">
			<Option compilerVar="CC" />
			<Option virtualFolder="EmeraldMine/" />
		</Unit>
		<Unit filename="saphir.h">
			<Option virtualFolder="EmeraldMine/" />
		</Unit>
		<Unit filename="scroller.c">
			<Option compilerVar="CC" />
		</Unit>
		<Unit filename="scroller.h" />
		<Unit filename="sound.c">
			<Option compilerVar="CC" />
			<Option virtualFolder="EmeraldMine/" />
		</Unit>
		<Unit filename="sound.h">
			<Option virtualFolder="EmeraldMine/" />
		</Unit>
		<Unit filename="stone.c">
			<Option compilerVar="CC" />
			<Option virtualFolder="EmeraldMine/" />
		</Unit>
		<Unit filename="stone.h">
			<Option virtualFolder="EmeraldMine/" />
		</Unit>
		<Unit filename="yam.c">
			<Option compilerVar="CC" />
			<Option virtualFolder="EmeraldMine/" />
		</Unit>
		<Unit filename="yam.h">
			<Option virtualFolder="EmeraldMine/" />
		</Unit>
		<Unit filename="zlib_adler32.c">
			<Option compilerVar="CC" />
			<Option virtualFolder="zlib/" />
		</Unit>
		<Unit filename="zlib_compress.c">
			<Option compilerVar="CC" />
			<Option virtualFolder="zlib/" />
		</Unit>
		<Unit filename="zlib_crc32.c">
			<Option compilerVar="CC" />
			<Option virtualFolder="zlib/" />
		</Unit>
		<Unit filename="zlib_crc32.h">
			<Option virtualFolder="zlib/" />
		</Unit>
		<Unit filename="zlib_deflate.c">
			<Option compilerVar="CC" />
			<Option virtualFolder="zlib/" />
		</Unit>
		<Unit filename="zlib_deflate.h">
			<Option virtualFolder="zlib/" />
		</Unit>
		<Unit filename="zlib_inffast.c">
			<Option compilerVar="CC" />
			<Option virtualFolder="zlib/" />
		</Unit>
		<Unit filename="zlib_inffast.h">
			<Option virtualFolder="zlib/" />
		</Unit>
		<Unit filename="zlib_inffixed.h">
			<Option virtualFolder="zlib/" />
		</Unit>
		<Unit filename="zlib_inflate.c">
			<Option compilerVar="CC" />
			<Option virtualFolder="zlib/" />
		</Unit>
		<Unit filename="zlib_inflate.h">
			<Option virtualFolder="zlib/" />
		</Unit>
		<Unit filename="zlib_inftrees.c">
			<Option compilerVar="CC" />
			<Option virtualFolder="zlib/" />
		</Unit>
		<Unit filename="zlib_inftrees.h">
			<Option virtualFolder="zlib/" />
		</Unit>
		<Unit filename="zlib_trees.c">
			<Option compilerVar="CC" />
			<Option virtualFolder="zlib/" />
		</Unit>
		<Unit filename="zlib_trees.h">
			<Option virtualFolder="zlib/" />
		</Unit>
		<Unit filename="zlib_uncompr.c">
			<Option compilerVar="CC" />
			<Option virtualFolder="zlib/" />
		</Unit>
		<Unit filename="zlib_zconf.h">
			<Option virtualFolder="zlib/" />
		</Unit>
		<Unit filename="zlib_zlib.h">
			<Option virtualFolder="zlib/" />
		</Unit>
		<Unit filename="zlib_zutil.c">
			<Option compilerVar="CC" />
			<Option virtualFolder="zlib/" />
		</Unit>
		<Unit filename="zlib_zutil.h">
			<Option virtualFolder="zlib/" />
		</Unit>
		<Extensions>
			<lib_finder disable_auto="1" />
		</Extensions>
	</Project>
</CodeBlocks_project_file>
